
Microsoft Visual Studio Solution File, Format Version 12.00
# Visual Studio Version 17
VisualStudioVersion = 17.1.32210.238
MinimumVisualStudioVersion = 10.0.40219.1
Project("{FAE04EC0-301F-11D3-BF4B-00C04F79EFBC}") = "EmployeeManagementSystem", "EmployeeManagementSystem\EmployeeManagementSystem.csproj", "{F6C35D2C-F29A-4D2B-A896-9ADBCBC032D5}"
EndProject
Global
	GlobalSection(SolutionConfigurationPlatforms) = preSolution
		Debug|Any CPU = Debug|Any CPU
		Release|Any CPU = Release|Any CPU
	EndGlobalSection
	GlobalSection(ProjectConfigurationPlatforms) = postSolution
		{F6C35D2C-F29A-4D2B-A896-9ADBCBC032D5}.Debug|Any CPU.ActiveCfg = Debug|Any CPU
		{F6C35D2C-F29A-4D2B-A896-9ADBCBC032D5}.Debug|Any CPU.Build.0 = Debug|Any CPU
		{F6C35D2C-F29A-4D2B-A896-9ADBCBC032D5}.Release|Any CPU.ActiveCfg = Release|Any CPU
		{F6C35D2C-F29A-4D2B-A896-9ADBCBC032D5}.Release|Any CPU.Build.0 = Release|Any CPU
	EndGlobalSection
	GlobalSection(SolutionProperties) = preSolution
		HideSolutionNode = FALSE
	EndGlobalSection
	GlobalSection(ExtensibilityGlobals) = postSolution
		SolutionGuid = {0E567A07-442D-415E-85BD-BA346E6322BD}
	EndGlobalSection
EndGlobal
